
Microsoft Visual Studio Solution File, Format Version 12.00
# Visual Studio Version 17
VisualStudioVersion = 17.0.31912.275
MinimumVisualStudioVersion = 10.0.40219.1
Project("{FAE04EC0-301F-11D3-BF4B-00C04F79EFBC}") = "User_defined", "User_defined.csproj", "{BDDB8BBB-63B2-4243-8726-9B47E334B9EE}"
EndProject
Global
	GlobalSection(SolutionConfigurationPlatforms) = preSolution
		Debug|Any CPU = Debug|Any CPU
		Release|Any CPU = Release|Any CPU
	EndGlobalSection
	GlobalSection(ProjectConfigurationPlatforms) = postSolution
		{BDDB8BBB-63B2-4243-8726-9B47E334B9EE}.Debug|Any CPU.ActiveCfg = Debug|Any CPU
		{BDDB8BBB-63B2-4243-8726-9B47E334B9EE}.Debug|Any CPU.Build.0 = Debug|Any CPU
		{BDDB8BBB-63B2-4243-8726-9B47E334B9EE}.Release|Any CPU.ActiveCfg = Release|Any CPU
		{BDDB8BBB-63B2-4243-8726-9B47E334B9EE}.Release|Any CPU.Build.0 = Release|Any CPU
	EndGlobalSection
	GlobalSection(SolutionProperties) = preSolution
		HideSolutionNode = FALSE
	EndGlobalSection
	GlobalSection(ExtensibilityGlobals) = postSolution
		SolutionGuid = {06004328-C5B0-4C01-A5CB-C8287D56B21B}
	EndGlobalSection
EndGlobal
