
Microsoft Visual Studio Solution File, Format Version 12.00
# Visual Studio Version 17
VisualStudioVersion = 17.1.32228.430
MinimumVisualStudioVersion = 10.0.40219.1
Project("{FAE04EC0-301F-11D3-BF4B-00C04F79EFBC}") = "WcfServiceApplication", "WcfServiceApplication.csproj", "{1DCCCF4B-6619-4411-A0E3-D4270E6DEB75}"
EndProject
Project("{FAE04EC0-301F-11D3-BF4B-00C04F79EFBC}") = "DAL", "..\DAL\DAL.csproj", "{845739CA-0DE4-4D01-A4B1-8741127B079F}"
EndProject
Project("{FAE04EC0-301F-11D3-BF4B-00C04F79EFBC}") = "BO", "..\BO\BO.csproj", "{DCE30F9D-EFEA-4F30-9BAB-1DCE0502BB98}"
EndProject
Global
	GlobalSection(SolutionConfigurationPlatforms) = preSolution
		Debug|Any CPU = Debug|Any CPU
		Release|Any CPU = Release|Any CPU
	EndGlobalSection
	GlobalSection(ProjectConfigurationPlatforms) = postSolution
		{1DCCCF4B-6619-4411-A0E3-D4270E6DEB75}.Debug|Any CPU.ActiveCfg = Debug|Any CPU
		{1DCCCF4B-6619-4411-A0E3-D4270E6DEB75}.Debug|Any CPU.Build.0 = Debug|Any CPU
		{1DCCCF4B-6619-4411-A0E3-D4270E6DEB75}.Release|Any CPU.ActiveCfg = Release|Any CPU
		{1DCCCF4B-6619-4411-A0E3-D4270E6DEB75}.Release|Any CPU.Build.0 = Release|Any CPU
		{845739CA-0DE4-4D01-A4B1-8741127B079F}.Debug|Any CPU.ActiveCfg = Debug|Any CPU
		{845739CA-0DE4-4D01-A4B1-8741127B079F}.Debug|Any CPU.Build.0 = Debug|Any CPU
		{845739CA-0DE4-4D01-A4B1-8741127B079F}.Release|Any CPU.ActiveCfg = Release|Any CPU
		{845739CA-0DE4-4D01-A4B1-8741127B079F}.Release|Any CPU.Build.0 = Release|Any CPU
		{DCE30F9D-EFEA-4F30-9BAB-1DCE0502BB98}.Debug|Any CPU.ActiveCfg = Debug|Any CPU
		{DCE30F9D-EFEA-4F30-9BAB-1DCE0502BB98}.Debug|Any CPU.Build.0 = Debug|Any CPU
		{DCE30F9D-EFEA-4F30-9BAB-1DCE0502BB98}.Release|Any CPU.ActiveCfg = Release|Any CPU
		{DCE30F9D-EFEA-4F30-9BAB-1DCE0502BB98}.Release|Any CPU.Build.0 = Release|Any CPU
	EndGlobalSection
	GlobalSection(SolutionProperties) = preSolution
		HideSolutionNode = FALSE
	EndGlobalSection
	GlobalSection(ExtensibilityGlobals) = postSolution
		SolutionGuid = {35C15CBB-F9B4-488D-B9FF-D2665FCF6882}
	EndGlobalSection
EndGlobal
